
Microsoft Visual Studio Solution File, Format Version 12.00
# Visual Studio Version 16
VisualStudioVersion = 16.0.32630.194
MinimumVisualStudioVersion = 10.0.40219.1
Project("{FAE04EC0-301F-11D3-BF4B-00C04F79EFBC}") = "semana2-formulario", "semana2-formulario.csproj", "{4E703E53-D88E-4059-BA4E-F32A3AE2CAA9}"
EndProject
Global
	GlobalSection(SolutionConfigurationPlatforms) = preSolution
		Debug|Any CPU = Debug|Any CPU
		Release|Any CPU = Release|Any CPU
	EndGlobalSection
	GlobalSection(ProjectConfigurationPlatforms) = postSolution
		{4E703E53-D88E-4059-BA4E-F32A3AE2CAA9}.Debug|Any CPU.ActiveCfg = Debug|Any CPU
		{4E703E53-D88E-4059-BA4E-F32A3AE2CAA9}.Debug|Any CPU.Build.0 = Debug|Any CPU
		{4E703E53-D88E-4059-BA4E-F32A3AE2CAA9}.Release|Any CPU.ActiveCfg = Release|Any CPU
		{4E703E53-D88E-4059-BA4E-F32A3AE2CAA9}.Release|Any CPU.Build.0 = Release|Any CPU
	EndGlobalSection
	GlobalSection(SolutionProperties) = preSolution
		HideSolutionNode = FALSE
	EndGlobalSection
	GlobalSection(ExtensibilityGlobals) = postSolution
		SolutionGuid = {329AB716-CFAB-4368-B4B0-BFAC429798E8}
	EndGlobalSection
EndGlobal
